
Microsoft Visual Studio Solution File, Format Version 12.00
# Visual Studio Version 17
VisualStudioVersion = 17.9.34728.123
MinimumVisualStudioVersion = 10.0.40219.1
Project("{FAE04EC0-301F-11D3-BF4B-00C04F79EFBC}") = "Function", "Function\Function.csproj", "{C326407B-63B1-4695-8467-7E4D2D135053}"
EndProject
Project("{FAE04EC0-301F-11D3-BF4B-00C04F79EFBC}") = "Core", "Core\Core.csproj", "{A1CFB5AD-66F2-4878-9300-8EDFE4921832}"
EndProject
Project("{FAE04EC0-301F-11D3-BF4B-00C04F79EFBC}") = "DataAccess", "DataAccess\DataAccess.csproj", "{C1D5E4A9-C311-4B08-BA0C-8F262BDA3CBC}"
EndProject
Global
	GlobalSection(SolutionConfigurationPlatforms) = preSolution
		Debug|Any CPU = Debug|Any CPU
		Release|Any CPU = Release|Any CPU
	EndGlobalSection
	GlobalSection(ProjectConfigurationPlatforms) = postSolution
		{C326407B-63B1-4695-8467-7E4D2D135053}.Debug|Any CPU.ActiveCfg = Debug|Any CPU
		{C326407B-63B1-4695-8467-7E4D2D135053}.Debug|Any CPU.Build.0 = Debug|Any CPU
		{C326407B-63B1-4695-8467-7E4D2D135053}.Release|Any CPU.ActiveCfg = Release|Any CPU
		{C326407B-63B1-4695-8467-7E4D2D135053}.Release|Any CPU.Build.0 = Release|Any CPU
		{A1CFB5AD-66F2-4878-9300-8EDFE4921832}.Debug|Any CPU.ActiveCfg = Debug|Any CPU
		{A1CFB5AD-66F2-4878-9300-8EDFE4921832}.Debug|Any CPU.Build.0 = Debug|Any CPU
		{A1CFB5AD-66F2-4878-9300-8EDFE4921832}.Release|Any CPU.ActiveCfg = Release|Any CPU
		{A1CFB5AD-66F2-4878-9300-8EDFE4921832}.Release|Any CPU.Build.0 = Release|Any CPU
		{C1D5E4A9-C311-4B08-BA0C-8F262BDA3CBC}.Debug|Any CPU.ActiveCfg = Debug|Any CPU
		{C1D5E4A9-C311-4B08-BA0C-8F262BDA3CBC}.Debug|Any CPU.Build.0 = Debug|Any CPU
		{C1D5E4A9-C311-4B08-BA0C-8F262BDA3CBC}.Release|Any CPU.ActiveCfg = Release|Any CPU
		{C1D5E4A9-C311-4B08-BA0C-8F262BDA3CBC}.Release|Any CPU.Build.0 = Release|Any CPU
	EndGlobalSection
	GlobalSection(SolutionProperties) = preSolution
		HideSolutionNode = FALSE
	EndGlobalSection
	GlobalSection(ExtensibilityGlobals) = postSolution
		SolutionGuid = {5186C757-92F6-426D-AF3B-58A245C0FE99}
	EndGlobalSection
EndGlobal
